
Microsoft Visual Studio Solution File, Format Version 12.00
Project("{FAE04EC0-301F-11D3-BF4B-00C04F79EFBC}") = "UserManagement.API", "UserManagement.API\UserManagement.API.csproj", "{2BF9C33C-B05E-4993-992B-C3A72AEBE018}"
EndProject
Project("{2150E333-8FDC-42A3-9474-1A3956D46DE8}") = "Presentation", "Presentation", "{2683E0AE-02AF-428D-96D1-99FF289FEC8E}"
EndProject
Project("{FAE04EC0-301F-11D3-BF4B-00C04F79EFBC}") = "Controllers", "Controllers\Controllers.csproj", "{DAEC28ED-A4FF-4A59-8053-12AEF02F61A2}"
EndProject
Project("{2150E333-8FDC-42A3-9474-1A3956D46DE8}") = "Core", "Core", "{09DEC6B3-380F-4BE2-A3F6-A01CD3F955F4}"
EndProject
Project("{FAE04EC0-301F-11D3-BF4B-00C04F79EFBC}") = "Application", "Application\Application.csproj", "{0FF0EFFE-5E20-4B22-BF30-D40A8B6C8F0A}"
EndProject
Project("{FAE04EC0-301F-11D3-BF4B-00C04F79EFBC}") = "Domain", "Domain\Domain.csproj", "{2B2B40A2-1762-40AF-ABFD-3176FE1ED3AA}"
EndProject
Project("{FAE04EC0-301F-11D3-BF4B-00C04F79EFBC}") = "Contracts", "Contracts\Contracts.csproj", "{7A9EF8FE-7F97-4C12-94A5-1E638EA87F94}"
EndProject
Project("{2150E333-8FDC-42A3-9474-1A3956D46DE8}") = "Infrastructure", "Infrastructure", "{883CD252-782F-42F7-9F1B-31B38C8DD2B9}"
EndProject
Project("{FAE04EC0-301F-11D3-BF4B-00C04F79EFBC}") = "Persistance", "Persistance\Persistance.csproj", "{997B1E27-B6E3-4391-8ADE-9C2F6CF6C4ED}"
EndProject
Project("{FAE04EC0-301F-11D3-BF4B-00C04F79EFBC}") = "LoggerService", "LoggerService\LoggerService.csproj", "{01FDE036-1946-4E49-99A5-941D7A7B23EB}"
EndProject
Global
	GlobalSection(SolutionConfigurationPlatforms) = preSolution
		Debug|Any CPU = Debug|Any CPU
		Release|Any CPU = Release|Any CPU
	EndGlobalSection
	GlobalSection(ProjectConfigurationPlatforms) = postSolution
		{2BF9C33C-B05E-4993-992B-C3A72AEBE018}.Debug|Any CPU.ActiveCfg = Debug|Any CPU
		{2BF9C33C-B05E-4993-992B-C3A72AEBE018}.Debug|Any CPU.Build.0 = Debug|Any CPU
		{2BF9C33C-B05E-4993-992B-C3A72AEBE018}.Release|Any CPU.ActiveCfg = Release|Any CPU
		{2BF9C33C-B05E-4993-992B-C3A72AEBE018}.Release|Any CPU.Build.0 = Release|Any CPU
		{DAEC28ED-A4FF-4A59-8053-12AEF02F61A2}.Debug|Any CPU.ActiveCfg = Debug|Any CPU
		{DAEC28ED-A4FF-4A59-8053-12AEF02F61A2}.Debug|Any CPU.Build.0 = Debug|Any CPU
		{DAEC28ED-A4FF-4A59-8053-12AEF02F61A2}.Release|Any CPU.ActiveCfg = Release|Any CPU
		{DAEC28ED-A4FF-4A59-8053-12AEF02F61A2}.Release|Any CPU.Build.0 = Release|Any CPU
		{0FF0EFFE-5E20-4B22-BF30-D40A8B6C8F0A}.Debug|Any CPU.ActiveCfg = Debug|Any CPU
		{0FF0EFFE-5E20-4B22-BF30-D40A8B6C8F0A}.Debug|Any CPU.Build.0 = Debug|Any CPU
		{0FF0EFFE-5E20-4B22-BF30-D40A8B6C8F0A}.Release|Any CPU.ActiveCfg = Release|Any CPU
		{0FF0EFFE-5E20-4B22-BF30-D40A8B6C8F0A}.Release|Any CPU.Build.0 = Release|Any CPU
		{2B2B40A2-1762-40AF-ABFD-3176FE1ED3AA}.Debug|Any CPU.ActiveCfg = Debug|Any CPU
		{2B2B40A2-1762-40AF-ABFD-3176FE1ED3AA}.Debug|Any CPU.Build.0 = Debug|Any CPU
		{2B2B40A2-1762-40AF-ABFD-3176FE1ED3AA}.Release|Any CPU.ActiveCfg = Release|Any CPU
		{2B2B40A2-1762-40AF-ABFD-3176FE1ED3AA}.Release|Any CPU.Build.0 = Release|Any CPU
		{7A9EF8FE-7F97-4C12-94A5-1E638EA87F94}.Debug|Any CPU.ActiveCfg = Debug|Any CPU
		{7A9EF8FE-7F97-4C12-94A5-1E638EA87F94}.Debug|Any CPU.Build.0 = Debug|Any CPU
		{7A9EF8FE-7F97-4C12-94A5-1E638EA87F94}.Release|Any CPU.ActiveCfg = Release|Any CPU
		{7A9EF8FE-7F97-4C12-94A5-1E638EA87F94}.Release|Any CPU.Build.0 = Release|Any CPU
		{997B1E27-B6E3-4391-8ADE-9C2F6CF6C4ED}.Debug|Any CPU.ActiveCfg = Debug|Any CPU
		{997B1E27-B6E3-4391-8ADE-9C2F6CF6C4ED}.Debug|Any CPU.Build.0 = Debug|Any CPU
		{997B1E27-B6E3-4391-8ADE-9C2F6CF6C4ED}.Release|Any CPU.ActiveCfg = Release|Any CPU
		{997B1E27-B6E3-4391-8ADE-9C2F6CF6C4ED}.Release|Any CPU.Build.0 = Release|Any CPU
		{01FDE036-1946-4E49-99A5-941D7A7B23EB}.Debug|Any CPU.ActiveCfg = Debug|Any CPU
		{01FDE036-1946-4E49-99A5-941D7A7B23EB}.Debug|Any CPU.Build.0 = Debug|Any CPU
		{01FDE036-1946-4E49-99A5-941D7A7B23EB}.Release|Any CPU.ActiveCfg = Release|Any CPU
		{01FDE036-1946-4E49-99A5-941D7A7B23EB}.Release|Any CPU.Build.0 = Release|Any CPU
	EndGlobalSection
	GlobalSection(NestedProjects) = preSolution
		{2BF9C33C-B05E-4993-992B-C3A72AEBE018} = {2683E0AE-02AF-428D-96D1-99FF289FEC8E}
		{DAEC28ED-A4FF-4A59-8053-12AEF02F61A2} = {2683E0AE-02AF-428D-96D1-99FF289FEC8E}
		{0FF0EFFE-5E20-4B22-BF30-D40A8B6C8F0A} = {09DEC6B3-380F-4BE2-A3F6-A01CD3F955F4}
		{2B2B40A2-1762-40AF-ABFD-3176FE1ED3AA} = {09DEC6B3-380F-4BE2-A3F6-A01CD3F955F4}
		{7A9EF8FE-7F97-4C12-94A5-1E638EA87F94} = {09DEC6B3-380F-4BE2-A3F6-A01CD3F955F4}
		{997B1E27-B6E3-4391-8ADE-9C2F6CF6C4ED} = {883CD252-782F-42F7-9F1B-31B38C8DD2B9}
		{01FDE036-1946-4E49-99A5-941D7A7B23EB} = {883CD252-782F-42F7-9F1B-31B38C8DD2B9}
	EndGlobalSection
EndGlobal
